
Microsoft Visual Studio Solution File, Format Version 12.00
# Visual Studio Version 16
VisualStudioVersion = 16.0.29123.88
MinimumVisualStudioVersion = 10.0.40219.1
Project("{2150E333-8FDC-42A3-9474-1A3956D46DE8}") = "Examples", "Examples", "{4AD564D5-69EE-4FC3-8FEA-6EFB9CED0CC7}"
EndProject
Project("{2150E333-8FDC-42A3-9474-1A3956D46DE8}") = "BB74.Media.Native", "BB74.Media.Native", "{3EA689F7-0031-498D-AD05-4F2826A7B5E9}"
	ProjectSection(SolutionItems) = preProject
		BB74.Media.Native\BB74.Media.FFMPEG._nuspec = BB74.Media.Native\BB74.Media.FFMPEG._nuspec
		BB74.Media.Native\package\build\BB74.Media.FFMPEG.props = BB74.Media.Native\package\build\BB74.Media.FFMPEG.props
		BB74.Media.Native\package\build\BB74.Media.FFMPEG.targets = BB74.Media.Native\package\build\BB74.Media.FFMPEG.targets
		BB74.Media.Native\build.bat = BB74.Media.Native\build.bat
	EndProjectSection
EndProject
Project("{FAE04EC0-301F-11D3-BF4B-00C04F79EFBC}") = "MovieExample", "Examples\MovieExample\MovieExample.csproj", "{0C058969-A70F-4DFA-A1A3-E938808A30A9}"
EndProject
Project("{FAE04EC0-301F-11D3-BF4B-00C04F79EFBC}") = "BB74.Xwt.Controls", "..\BB74.Controls.Xwt\BB74.Controls\BB74.Xwt.Controls.csproj", "{265B302E-B436-46F7-8CB1-57D42FD242AC}"
EndProject
Project("{FAE04EC0-301F-11D3-BF4B-00C04F79EFBC}") = "BB74.Media.Base", "BB74.Media.Base\BB74.Media.Base.csproj", "{01FD5659-75CD-4D3C-8701-6D6CF54C2C31}"
EndProject
Project("{8BC9CEB8-8B4A-11D0-8D11-00A0C91BC942}") = "BB74.Media.Native", "BB74.Media.Native\BB74.Media.Native\BB74.Media.Native.vcxproj", "{42B9ED94-9C44-4AB5-8CF2-2C47C5E8AE25}"
EndProject
Project("{FAE04EC0-301F-11D3-BF4B-00C04F79EFBC}") = "BB74.Media.Interop", "BB74.Media.Native\BB74.Media.Interop\BB74.Media.Interop.csproj", "{9926B468-0290-4E46-B3B4-32CAEABB659F}"
EndProject
Project("{FAE04EC0-301F-11D3-BF4B-00C04F79EFBC}") = "BB74.Media.Interop.Impl", "BB74.Media.Native\BB74.Media.Interop.Impl\BB74.Media.Interop.Impl.csproj", "{A08163ED-F101-4741-A12B-82BD202B2C23}"
EndProject
Project("{2150E333-8FDC-42A3-9474-1A3956D46DE8}") = "BB74.Media.OpenTK", "BB74.Media.OpenTK", "{F1F0F4EF-3108-45A6-87DA-0C961EF2F1F3}"
	ProjectSection(SolutionItems) = preProject
		BB74.Xwt.OpenTK\build.bat = BB74.Xwt.OpenTK\build.bat
		BB74.Xwt.OpenTK\copy._bat = BB74.Xwt.OpenTK\copy._bat
	EndProjectSection
EndProject
Project("{FAE04EC0-301F-11D3-BF4B-00C04F79EFBC}") = "BB74.Xwt.OpenTK", "BB74.Xwt.OpenTK\BB74.Xwt.OpenTK\BB74.Xwt.OpenTK.csproj", "{D7CAD493-7F4B-4C83-A592-8D071B01CF28}"
EndProject
Project("{FAE04EC0-301F-11D3-BF4B-00C04F79EFBC}") = "BB74.Xwt.OpenTK.WPF", "BB74.Xwt.OpenTK\BB74.Xwt.OpenTK.WPF\BB74.Xwt.OpenTK.WPF.csproj", "{5AB2E51D-9DD2-4650-9AA0-03FB811A3255}"
EndProject
Project("{FAE04EC0-301F-11D3-BF4B-00C04F79EFBC}") = "BB74.Xwt.OpenTK.GTK", "BB74.Xwt.OpenTK\BB74.Xwt.OpenTK.GTK\BB74.Xwt.OpenTK.GTK.csproj", "{EFD07F85-AF34-4CB3-82E3-DD3D15EC011B}"
	ProjectSection(ProjectDependencies) = postProject
		{D7CAD493-7F4B-4C83-A592-8D071B01CF28} = {D7CAD493-7F4B-4C83-A592-8D071B01CF28}
	EndProjectSection
EndProject
Project("{FAE04EC0-301F-11D3-BF4B-00C04F79EFBC}") = "BB74.Xwt.OpenTK.XamMac", "BB74.Xwt.OpenTK\BB74.Xwt.OpenTK.XamMac\BB74.Xwt.OpenTK.XamMac.csproj", "{D1713229-CA4A-4E30-8C21-626F0416B012}"
EndProject
Project("{FAE04EC0-301F-11D3-BF4B-00C04F79EFBC}") = "DockExample", "Examples\MediaExample\DockExample.csproj", "{44AA58E1-1981-4B85-92AE-B603A7CB3D4B}"
EndProject
Project("{FAE04EC0-301F-11D3-BF4B-00C04F79EFBC}") = "SimpleExample", "Examples\SimpleExample\SimpleExample.csproj", "{655F8313-AD60-44DA-A862-1D795372D1E1}"
EndProject
Project("{FAE04EC0-301F-11D3-BF4B-00C04F79EFBC}") = "BB74.Xwt.Media.Controls", "BB74.Xwt.Media.Controls\BB74.Xwt.Media.Controls.csproj", "{565A402B-419E-4E99-8947-460B2E61C7BA}"
EndProject
Project("{2150E333-8FDC-42A3-9474-1A3956D46DE8}") = "Xwt", "Xwt", "{731B75DE-7D0C-45D6-AE17-FF772E40D958}"
EndProject
Project("{FAE04EC0-301F-11D3-BF4B-00C04F79EFBC}") = "Xwt", "..\src\xwt\Xwt\Xwt.csproj", "{92494904-35FA-4DC9-BDE9-3A3E87AC49D3}"
EndProject
Project("{FAE04EC0-301F-11D3-BF4B-00C04F79EFBC}") = "Xwt.Gtk", "..\src\xwt\Xwt.Gtk\Xwt.Gtk.csproj", "{C3887A93-B2BD-4097-8E2F-3A063EFF32FD}"
EndProject
Project("{FAE04EC0-301F-11D3-BF4B-00C04F79EFBC}") = "Xwt.Gtk.Windows", "..\src\xwt\Xwt.Gtk.Windows\Xwt.Gtk.Windows.csproj", "{252117CA-0ABB-4F36-BFC8-DE23A8089BB9}"
EndProject
Project("{FAE04EC0-301F-11D3-BF4B-00C04F79EFBC}") = "Xwt.Gtk.Mac", "..\src\xwt\Xwt.Gtk.Mac\Xwt.Gtk.Mac.csproj", "{E95833C9-90AA-4366-9262-0A1BED148249}"
EndProject
Project("{FAE04EC0-301F-11D3-BF4B-00C04F79EFBC}") = "Xwt.WPF", "..\src\xwt\Xwt.WPF\Xwt.WPF.csproj", "{C93D746E-1586-4D4F-B411-BF5A966E6A08}"
EndProject
Project("{FAE04EC0-301F-11D3-BF4B-00C04F79EFBC}") = "Xwt.XamMac", "..\src\xwt\Xwt.XamMac\Xwt.XamMac.csproj", "{B7C1673E-5124-4BE5-8D21-EC8B12F85B6B}"
EndProject
Global
	GlobalSection(SolutionConfigurationPlatforms) = preSolution
		Debug|Any CPU = Debug|Any CPU
		Debug|x64 = Debug|x64
		Debug|x86 = Debug|x86
		Release|Any CPU = Release|Any CPU
		Release|x64 = Release|x64
		Release|x86 = Release|x86
	EndGlobalSection
	GlobalSection(ProjectConfigurationPlatforms) = postSolution
		{0C058969-A70F-4DFA-A1A3-E938808A30A9}.Debug|Any CPU.ActiveCfg = Debug|Any CPU
		{0C058969-A70F-4DFA-A1A3-E938808A30A9}.Debug|Any CPU.Build.0 = Debug|Any CPU
		{0C058969-A70F-4DFA-A1A3-E938808A30A9}.Debug|x64.ActiveCfg = Debug|Any CPU
		{0C058969-A70F-4DFA-A1A3-E938808A30A9}.Debug|x64.Build.0 = Debug|Any CPU
		{0C058969-A70F-4DFA-A1A3-E938808A30A9}.Debug|x86.ActiveCfg = Debug|Any CPU
		{0C058969-A70F-4DFA-A1A3-E938808A30A9}.Debug|x86.Build.0 = Debug|Any CPU
		{0C058969-A70F-4DFA-A1A3-E938808A30A9}.Release|Any CPU.ActiveCfg = Release|Any CPU
		{0C058969-A70F-4DFA-A1A3-E938808A30A9}.Release|Any CPU.Build.0 = Release|Any CPU
		{0C058969-A70F-4DFA-A1A3-E938808A30A9}.Release|x64.ActiveCfg = Release|Any CPU
		{0C058969-A70F-4DFA-A1A3-E938808A30A9}.Release|x64.Build.0 = Release|Any CPU
		{0C058969-A70F-4DFA-A1A3-E938808A30A9}.Release|x86.ActiveCfg = Release|Any CPU
		{0C058969-A70F-4DFA-A1A3-E938808A30A9}.Release|x86.Build.0 = Release|Any CPU
		{265B302E-B436-46F7-8CB1-57D42FD242AC}.Debug|Any CPU.ActiveCfg = Debug|Any CPU
		{265B302E-B436-46F7-8CB1-57D42FD242AC}.Debug|Any CPU.Build.0 = Debug|Any CPU
		{265B302E-B436-46F7-8CB1-57D42FD242AC}.Debug|x64.ActiveCfg = Debug|Any CPU
		{265B302E-B436-46F7-8CB1-57D42FD242AC}.Debug|x64.Build.0 = Debug|Any CPU
		{265B302E-B436-46F7-8CB1-57D42FD242AC}.Debug|x86.ActiveCfg = Debug|Any CPU
		{265B302E-B436-46F7-8CB1-57D42FD242AC}.Debug|x86.Build.0 = Debug|Any CPU
		{265B302E-B436-46F7-8CB1-57D42FD242AC}.Release|Any CPU.ActiveCfg = Release|Any CPU
		{265B302E-B436-46F7-8CB1-57D42FD242AC}.Release|Any CPU.Build.0 = Release|Any CPU
		{265B302E-B436-46F7-8CB1-57D42FD242AC}.Release|x64.ActiveCfg = Release|Any CPU
		{265B302E-B436-46F7-8CB1-57D42FD242AC}.Release|x64.Build.0 = Release|Any CPU
		{265B302E-B436-46F7-8CB1-57D42FD242AC}.Release|x86.ActiveCfg = Release|Any CPU
		{265B302E-B436-46F7-8CB1-57D42FD242AC}.Release|x86.Build.0 = Release|Any CPU
		{01FD5659-75CD-4D3C-8701-6D6CF54C2C31}.Debug|Any CPU.ActiveCfg = Debug|Any CPU
		{01FD5659-75CD-4D3C-8701-6D6CF54C2C31}.Debug|Any CPU.Build.0 = Debug|Any CPU
		{01FD5659-75CD-4D3C-8701-6D6CF54C2C31}.Debug|x64.ActiveCfg = Debug|Any CPU
		{01FD5659-75CD-4D3C-8701-6D6CF54C2C31}.Debug|x64.Build.0 = Debug|Any CPU
		{01FD5659-75CD-4D3C-8701-6D6CF54C2C31}.Debug|x86.ActiveCfg = Debug|Any CPU
		{01FD5659-75CD-4D3C-8701-6D6CF54C2C31}.Debug|x86.Build.0 = Debug|Any CPU
		{01FD5659-75CD-4D3C-8701-6D6CF54C2C31}.Release|Any CPU.ActiveCfg = Release|Any CPU
		{01FD5659-75CD-4D3C-8701-6D6CF54C2C31}.Release|Any CPU.Build.0 = Release|Any CPU
		{01FD5659-75CD-4D3C-8701-6D6CF54C2C31}.Release|x64.ActiveCfg = Release|Any CPU
		{01FD5659-75CD-4D3C-8701-6D6CF54C2C31}.Release|x64.Build.0 = Release|Any CPU
		{01FD5659-75CD-4D3C-8701-6D6CF54C2C31}.Release|x86.ActiveCfg = Release|Any CPU
		{01FD5659-75CD-4D3C-8701-6D6CF54C2C31}.Release|x86.Build.0 = Release|Any CPU
		{42B9ED94-9C44-4AB5-8CF2-2C47C5E8AE25}.Debug|Any CPU.ActiveCfg = Debug|Win32
		{42B9ED94-9C44-4AB5-8CF2-2C47C5E8AE25}.Debug|x64.ActiveCfg = Debug|x64
		{42B9ED94-9C44-4AB5-8CF2-2C47C5E8AE25}.Debug|x64.Build.0 = Debug|x64
		{42B9ED94-9C44-4AB5-8CF2-2C47C5E8AE25}.Debug|x86.ActiveCfg = Debug|Win32
		{42B9ED94-9C44-4AB5-8CF2-2C47C5E8AE25}.Debug|x86.Build.0 = Debug|Win32
		{42B9ED94-9C44-4AB5-8CF2-2C47C5E8AE25}.Release|Any CPU.ActiveCfg = Release|Win32
		{42B9ED94-9C44-4AB5-8CF2-2C47C5E8AE25}.Release|x64.ActiveCfg = Release|x64
		{42B9ED94-9C44-4AB5-8CF2-2C47C5E8AE25}.Release|x64.Build.0 = Release|x64
		{42B9ED94-9C44-4AB5-8CF2-2C47C5E8AE25}.Release|x86.ActiveCfg = Release|Win32
		{42B9ED94-9C44-4AB5-8CF2-2C47C5E8AE25}.Release|x86.Build.0 = Release|Win32
		{9926B468-0290-4E46-B3B4-32CAEABB659F}.Debug|Any CPU.ActiveCfg = Debug|Any CPU
		{9926B468-0290-4E46-B3B4-32CAEABB659F}.Debug|Any CPU.Build.0 = Debug|Any CPU
		{9926B468-0290-4E46-B3B4-32CAEABB659F}.Debug|x64.ActiveCfg = Debug|Any CPU
		{9926B468-0290-4E46-B3B4-32CAEABB659F}.Debug|x86.ActiveCfg = Debug|Any CPU
		{9926B468-0290-4E46-B3B4-32CAEABB659F}.Release|Any CPU.ActiveCfg = Release|Any CPU
		{9926B468-0290-4E46-B3B4-32CAEABB659F}.Release|Any CPU.Build.0 = Release|Any CPU
		{9926B468-0290-4E46-B3B4-32CAEABB659F}.Release|x64.ActiveCfg = Release|Any CPU
		{9926B468-0290-4E46-B3B4-32CAEABB659F}.Release|x86.ActiveCfg = Release|Any CPU
		{A08163ED-F101-4741-A12B-82BD202B2C23}.Debug|Any CPU.ActiveCfg = Debug|x86
		{A08163ED-F101-4741-A12B-82BD202B2C23}.Debug|Any CPU.Build.0 = Debug|x86
		{A08163ED-F101-4741-A12B-82BD202B2C23}.Debug|x64.ActiveCfg = Debug|x64
		{A08163ED-F101-4741-A12B-82BD202B2C23}.Debug|x64.Build.0 = Debug|x64
		{A08163ED-F101-4741-A12B-82BD202B2C23}.Debug|x86.ActiveCfg = Debug|x86
		{A08163ED-F101-4741-A12B-82BD202B2C23}.Debug|x86.Build.0 = Debug|x86
		{A08163ED-F101-4741-A12B-82BD202B2C23}.Release|Any CPU.ActiveCfg = Release|Any CPU
		{A08163ED-F101-4741-A12B-82BD202B2C23}.Release|Any CPU.Build.0 = Release|Any CPU
		{A08163ED-F101-4741-A12B-82BD202B2C23}.Release|x64.ActiveCfg = Release|x64
		{A08163ED-F101-4741-A12B-82BD202B2C23}.Release|x64.Build.0 = Release|x64
		{A08163ED-F101-4741-A12B-82BD202B2C23}.Release|x86.ActiveCfg = Release|x86
		{A08163ED-F101-4741-A12B-82BD202B2C23}.Release|x86.Build.0 = Release|x86
		{D7CAD493-7F4B-4C83-A592-8D071B01CF28}.Debug|Any CPU.ActiveCfg = Debug|Any CPU
		{D7CAD493-7F4B-4C83-A592-8D071B01CF28}.Debug|Any CPU.Build.0 = Debug|Any CPU
		{D7CAD493-7F4B-4C83-A592-8D071B01CF28}.Debug|x64.ActiveCfg = Debug|Any CPU
		{D7CAD493-7F4B-4C83-A592-8D071B01CF28}.Debug|x64.Build.0 = Debug|Any CPU
		{D7CAD493-7F4B-4C83-A592-8D071B01CF28}.Debug|x86.ActiveCfg = Debug|Any CPU
		{D7CAD493-7F4B-4C83-A592-8D071B01CF28}.Debug|x86.Build.0 = Debug|Any CPU
		{D7CAD493-7F4B-4C83-A592-8D071B01CF28}.Release|Any CPU.ActiveCfg = Release|Any CPU
		{D7CAD493-7F4B-4C83-A592-8D071B01CF28}.Release|Any CPU.Build.0 = Release|Any CPU
		{D7CAD493-7F4B-4C83-A592-8D071B01CF28}.Release|x64.ActiveCfg = Release|Any CPU
		{D7CAD493-7F4B-4C83-A592-8D071B01CF28}.Release|x64.Build.0 = Release|Any CPU
		{D7CAD493-7F4B-4C83-A592-8D071B01CF28}.Release|x86.ActiveCfg = Release|Any CPU
		{D7CAD493-7F4B-4C83-A592-8D071B01CF28}.Release|x86.Build.0 = Release|Any CPU
		{5AB2E51D-9DD2-4650-9AA0-03FB811A3255}.Debug|Any CPU.ActiveCfg = Debug|Any CPU
		{5AB2E51D-9DD2-4650-9AA0-03FB811A3255}.Debug|Any CPU.Build.0 = Debug|Any CPU
		{5AB2E51D-9DD2-4650-9AA0-03FB811A3255}.Debug|x64.ActiveCfg = Debug|Any CPU
		{5AB2E51D-9DD2-4650-9AA0-03FB811A3255}.Debug|x64.Build.0 = Debug|Any CPU
		{5AB2E51D-9DD2-4650-9AA0-03FB811A3255}.Debug|x86.ActiveCfg = Debug|Any CPU
		{5AB2E51D-9DD2-4650-9AA0-03FB811A3255}.Debug|x86.Build.0 = Debug|Any CPU
		{5AB2E51D-9DD2-4650-9AA0-03FB811A3255}.Release|Any CPU.ActiveCfg = Release|Any CPU
		{5AB2E51D-9DD2-4650-9AA0-03FB811A3255}.Release|Any CPU.Build.0 = Release|Any CPU
		{5AB2E51D-9DD2-4650-9AA0-03FB811A3255}.Release|x64.ActiveCfg = Release|Any CPU
		{5AB2E51D-9DD2-4650-9AA0-03FB811A3255}.Release|x64.Build.0 = Release|Any CPU
		{5AB2E51D-9DD2-4650-9AA0-03FB811A3255}.Release|x86.ActiveCfg = Release|Any CPU
		{5AB2E51D-9DD2-4650-9AA0-03FB811A3255}.Release|x86.Build.0 = Release|Any CPU
		{EFD07F85-AF34-4CB3-82E3-DD3D15EC011B}.Debug|Any CPU.ActiveCfg = Debug|Any CPU
		{EFD07F85-AF34-4CB3-82E3-DD3D15EC011B}.Debug|Any CPU.Build.0 = Debug|Any CPU
		{EFD07F85-AF34-4CB3-82E3-DD3D15EC011B}.Debug|x64.ActiveCfg = Debug|Any CPU
		{EFD07F85-AF34-4CB3-82E3-DD3D15EC011B}.Debug|x64.Build.0 = Debug|Any CPU
		{EFD07F85-AF34-4CB3-82E3-DD3D15EC011B}.Debug|x86.ActiveCfg = Debug|Any CPU
		{EFD07F85-AF34-4CB3-82E3-DD3D15EC011B}.Debug|x86.Build.0 = Debug|Any CPU
		{EFD07F85-AF34-4CB3-82E3-DD3D15EC011B}.Release|Any CPU.ActiveCfg = Release|Any CPU
		{EFD07F85-AF34-4CB3-82E3-DD3D15EC011B}.Release|Any CPU.Build.0 = Release|Any CPU
		{EFD07F85-AF34-4CB3-82E3-DD3D15EC011B}.Release|x64.ActiveCfg = Release|Any CPU
		{EFD07F85-AF34-4CB3-82E3-DD3D15EC011B}.Release|x64.Build.0 = Release|Any CPU
		{EFD07F85-AF34-4CB3-82E3-DD3D15EC011B}.Release|x86.ActiveCfg = Release|Any CPU
		{EFD07F85-AF34-4CB3-82E3-DD3D15EC011B}.Release|x86.Build.0 = Release|Any CPU
		{D1713229-CA4A-4E30-8C21-626F0416B012}.Debug|Any CPU.ActiveCfg = Debug|Any CPU
		{D1713229-CA4A-4E30-8C21-626F0416B012}.Debug|Any CPU.Build.0 = Debug|Any CPU
		{D1713229-CA4A-4E30-8C21-626F0416B012}.Debug|x64.ActiveCfg = Debug|Any CPU
		{D1713229-CA4A-4E30-8C21-626F0416B012}.Debug|x64.Build.0 = Debug|Any CPU
		{D1713229-CA4A-4E30-8C21-626F0416B012}.Debug|x86.ActiveCfg = Debug|Any CPU
		{D1713229-CA4A-4E30-8C21-626F0416B012}.Debug|x86.Build.0 = Debug|Any CPU
		{D1713229-CA4A-4E30-8C21-626F0416B012}.Release|Any CPU.ActiveCfg = Release|Any CPU
		{D1713229-CA4A-4E30-8C21-626F0416B012}.Release|Any CPU.Build.0 = Release|Any CPU
		{D1713229-CA4A-4E30-8C21-626F0416B012}.Release|x64.ActiveCfg = Release|Any CPU
		{D1713229-CA4A-4E30-8C21-626F0416B012}.Release|x64.Build.0 = Release|Any CPU
		{D1713229-CA4A-4E30-8C21-626F0416B012}.Release|x86.ActiveCfg = Release|Any CPU
		{D1713229-CA4A-4E30-8C21-626F0416B012}.Release|x86.Build.0 = Release|Any CPU
		{44AA58E1-1981-4B85-92AE-B603A7CB3D4B}.Debug|Any CPU.ActiveCfg = Debug|Any CPU
		{44AA58E1-1981-4B85-92AE-B603A7CB3D4B}.Debug|Any CPU.Build.0 = Debug|Any CPU
		{44AA58E1-1981-4B85-92AE-B603A7CB3D4B}.Debug|x64.ActiveCfg = Debug|Any CPU
		{44AA58E1-1981-4B85-92AE-B603A7CB3D4B}.Debug|x64.Build.0 = Debug|Any CPU
		{44AA58E1-1981-4B85-92AE-B603A7CB3D4B}.Debug|x86.ActiveCfg = Debug|Any CPU
		{44AA58E1-1981-4B85-92AE-B603A7CB3D4B}.Debug|x86.Build.0 = Debug|Any CPU
		{44AA58E1-1981-4B85-92AE-B603A7CB3D4B}.Release|Any CPU.ActiveCfg = Release|Any CPU
		{44AA58E1-1981-4B85-92AE-B603A7CB3D4B}.Release|Any CPU.Build.0 = Release|Any CPU
		{44AA58E1-1981-4B85-92AE-B603A7CB3D4B}.Release|x64.ActiveCfg = Release|Any CPU
		{44AA58E1-1981-4B85-92AE-B603A7CB3D4B}.Release|x64.Build.0 = Release|Any CPU
		{44AA58E1-1981-4B85-92AE-B603A7CB3D4B}.Release|x86.ActiveCfg = Release|Any CPU
		{44AA58E1-1981-4B85-92AE-B603A7CB3D4B}.Release|x86.Build.0 = Release|Any CPU
		{655F8313-AD60-44DA-A862-1D795372D1E1}.Debug|Any CPU.ActiveCfg = Debug|Any CPU
		{655F8313-AD60-44DA-A862-1D795372D1E1}.Debug|Any CPU.Build.0 = Debug|Any CPU
		{655F8313-AD60-44DA-A862-1D795372D1E1}.Debug|x64.ActiveCfg = Debug|Any CPU
		{655F8313-AD60-44DA-A862-1D795372D1E1}.Debug|x64.Build.0 = Debug|Any CPU
		{655F8313-AD60-44DA-A862-1D795372D1E1}.Debug|x86.ActiveCfg = Debug|Any CPU
		{655F8313-AD60-44DA-A862-1D795372D1E1}.Debug|x86.Build.0 = Debug|Any CPU
		{655F8313-AD60-44DA-A862-1D795372D1E1}.Release|Any CPU.ActiveCfg = Release|Any CPU
		{655F8313-AD60-44DA-A862-1D795372D1E1}.Release|Any CPU.Build.0 = Release|Any CPU
		{655F8313-AD60-44DA-A862-1D795372D1E1}.Release|x64.ActiveCfg = Release|Any CPU
		{655F8313-AD60-44DA-A862-1D795372D1E1}.Release|x64.Build.0 = Release|Any CPU
		{655F8313-AD60-44DA-A862-1D795372D1E1}.Release|x86.ActiveCfg = Release|Any CPU
		{655F8313-AD60-44DA-A862-1D795372D1E1}.Release|x86.Build.0 = Release|Any CPU
		{565A402B-419E-4E99-8947-460B2E61C7BA}.Debug|Any CPU.ActiveCfg = Debug|Any CPU
		{565A402B-419E-4E99-8947-460B2E61C7BA}.Debug|Any CPU.Build.0 = Debug|Any CPU
		{565A402B-419E-4E99-8947-460B2E61C7BA}.Debug|x64.ActiveCfg = Debug|Any CPU
		{565A402B-419E-4E99-8947-460B2E61C7BA}.Debug|x64.Build.0 = Debug|Any CPU
		{565A402B-419E-4E99-8947-460B2E61C7BA}.Debug|x86.ActiveCfg = Debug|Any CPU
		{565A402B-419E-4E99-8947-460B2E61C7BA}.Debug|x86.Build.0 = Debug|Any CPU
		{565A402B-419E-4E99-8947-460B2E61C7BA}.Release|Any CPU.ActiveCfg = Release|Any CPU
		{565A402B-419E-4E99-8947-460B2E61C7BA}.Release|Any CPU.Build.0 = Release|Any CPU
		{565A402B-419E-4E99-8947-460B2E61C7BA}.Release|x64.ActiveCfg = Release|Any CPU
		{565A402B-419E-4E99-8947-460B2E61C7BA}.Release|x64.Build.0 = Release|Any CPU
		{565A402B-419E-4E99-8947-460B2E61C7BA}.Release|x86.ActiveCfg = Release|Any CPU
		{565A402B-419E-4E99-8947-460B2E61C7BA}.Release|x86.Build.0 = Release|Any CPU
		{92494904-35FA-4DC9-BDE9-3A3E87AC49D3}.Debug|Any CPU.ActiveCfg = Debug|Any CPU
		{92494904-35FA-4DC9-BDE9-3A3E87AC49D3}.Debug|Any CPU.Build.0 = Debug|Any CPU
		{92494904-35FA-4DC9-BDE9-3A3E87AC49D3}.Debug|x64.ActiveCfg = Debug|Any CPU
		{92494904-35FA-4DC9-BDE9-3A3E87AC49D3}.Debug|x64.Build.0 = Debug|Any CPU
		{92494904-35FA-4DC9-BDE9-3A3E87AC49D3}.Debug|x86.ActiveCfg = Debug|Any CPU
		{92494904-35FA-4DC9-BDE9-3A3E87AC49D3}.Debug|x86.Build.0 = Debug|Any CPU
		{92494904-35FA-4DC9-BDE9-3A3E87AC49D3}.Release|Any CPU.ActiveCfg = Release|Any CPU
		{92494904-35FA-4DC9-BDE9-3A3E87AC49D3}.Release|Any CPU.Build.0 = Release|Any CPU
		{92494904-35FA-4DC9-BDE9-3A3E87AC49D3}.Release|x64.ActiveCfg = Release|Any CPU
		{92494904-35FA-4DC9-BDE9-3A3E87AC49D3}.Release|x64.Build.0 = Release|Any CPU
		{92494904-35FA-4DC9-BDE9-3A3E87AC49D3}.Release|x86.ActiveCfg = Release|Any CPU
		{92494904-35FA-4DC9-BDE9-3A3E87AC49D3}.Release|x86.Build.0 = Release|Any CPU
		{C3887A93-B2BD-4097-8E2F-3A063EFF32FD}.Debug|Any CPU.ActiveCfg = Debug|Any CPU
		{C3887A93-B2BD-4097-8E2F-3A063EFF32FD}.Debug|Any CPU.Build.0 = Debug|Any CPU
		{C3887A93-B2BD-4097-8E2F-3A063EFF32FD}.Debug|x64.ActiveCfg = Debug|Any CPU
		{C3887A93-B2BD-4097-8E2F-3A063EFF32FD}.Debug|x64.Build.0 = Debug|Any CPU
		{C3887A93-B2BD-4097-8E2F-3A063EFF32FD}.Debug|x86.ActiveCfg = Debug|Any CPU
		{C3887A93-B2BD-4097-8E2F-3A063EFF32FD}.Debug|x86.Build.0 = Debug|Any CPU
		{C3887A93-B2BD-4097-8E2F-3A063EFF32FD}.Release|Any CPU.ActiveCfg = Release|Any CPU
		{C3887A93-B2BD-4097-8E2F-3A063EFF32FD}.Release|Any CPU.Build.0 = Release|Any CPU
		{C3887A93-B2BD-4097-8E2F-3A063EFF32FD}.Release|x64.ActiveCfg = Release|Any CPU
		{C3887A93-B2BD-4097-8E2F-3A063EFF32FD}.Release|x64.Build.0 = Release|Any CPU
		{C3887A93-B2BD-4097-8E2F-3A063EFF32FD}.Release|x86.ActiveCfg = Release|Any CPU
		{C3887A93-B2BD-4097-8E2F-3A063EFF32FD}.Release|x86.Build.0 = Release|Any CPU
		{252117CA-0ABB-4F36-BFC8-DE23A8089BB9}.Debug|Any CPU.ActiveCfg = Debug|Any CPU
		{252117CA-0ABB-4F36-BFC8-DE23A8089BB9}.Debug|Any CPU.Build.0 = Debug|Any CPU
		{252117CA-0ABB-4F36-BFC8-DE23A8089BB9}.Debug|x64.ActiveCfg = Debug|Any CPU
		{252117CA-0ABB-4F36-BFC8-DE23A8089BB9}.Debug|x64.Build.0 = Debug|Any CPU
		{252117CA-0ABB-4F36-BFC8-DE23A8089BB9}.Debug|x86.ActiveCfg = Debug|Any CPU
		{252117CA-0ABB-4F36-BFC8-DE23A8089BB9}.Debug|x86.Build.0 = Debug|Any CPU
		{252117CA-0ABB-4F36-BFC8-DE23A8089BB9}.Release|Any CPU.ActiveCfg = Release|Any CPU
		{252117CA-0ABB-4F36-BFC8-DE23A8089BB9}.Release|Any CPU.Build.0 = Release|Any CPU
		{252117CA-0ABB-4F36-BFC8-DE23A8089BB9}.Release|x64.ActiveCfg = Release|Any CPU
		{252117CA-0ABB-4F36-BFC8-DE23A8089BB9}.Release|x64.Build.0 = Release|Any CPU
		{252117CA-0ABB-4F36-BFC8-DE23A8089BB9}.Release|x86.ActiveCfg = Release|Any CPU
		{252117CA-0ABB-4F36-BFC8-DE23A8089BB9}.Release|x86.Build.0 = Release|Any CPU
		{E95833C9-90AA-4366-9262-0A1BED148249}.Debug|Any CPU.ActiveCfg = Debug|Any CPU
		{E95833C9-90AA-4366-9262-0A1BED148249}.Debug|Any CPU.Build.0 = Debug|Any CPU
		{E95833C9-90AA-4366-9262-0A1BED148249}.Debug|x64.ActiveCfg = Debug|Any CPU
		{E95833C9-90AA-4366-9262-0A1BED148249}.Debug|x64.Build.0 = Debug|Any CPU
		{E95833C9-90AA-4366-9262-0A1BED148249}.Debug|x86.ActiveCfg = Debug|Any CPU
		{E95833C9-90AA-4366-9262-0A1BED148249}.Debug|x86.Build.0 = Debug|Any CPU
		{E95833C9-90AA-4366-9262-0A1BED148249}.Release|Any CPU.ActiveCfg = Release|Any CPU
		{E95833C9-90AA-4366-9262-0A1BED148249}.Release|Any CPU.Build.0 = Release|Any CPU
		{E95833C9-90AA-4366-9262-0A1BED148249}.Release|x64.ActiveCfg = Release|Any CPU
		{E95833C9-90AA-4366-9262-0A1BED148249}.Release|x64.Build.0 = Release|Any CPU
		{E95833C9-90AA-4366-9262-0A1BED148249}.Release|x86.ActiveCfg = Release|Any CPU
		{E95833C9-90AA-4366-9262-0A1BED148249}.Release|x86.Build.0 = Release|Any CPU
		{C93D746E-1586-4D4F-B411-BF5A966E6A08}.Debug|Any CPU.ActiveCfg = Debug|Any CPU
		{C93D746E-1586-4D4F-B411-BF5A966E6A08}.Debug|Any CPU.Build.0 = Debug|Any CPU
		{C93D746E-1586-4D4F-B411-BF5A966E6A08}.Debug|x64.ActiveCfg = Debug|Any CPU
		{C93D746E-1586-4D4F-B411-BF5A966E6A08}.Debug|x64.Build.0 = Debug|Any CPU
		{C93D746E-1586-4D4F-B411-BF5A966E6A08}.Debug|x86.ActiveCfg = Debug|Any CPU
		{C93D746E-1586-4D4F-B411-BF5A966E6A08}.Debug|x86.Build.0 = Debug|Any CPU
		{C93D746E-1586-4D4F-B411-BF5A966E6A08}.Release|Any CPU.ActiveCfg = Release|Any CPU
		{C93D746E-1586-4D4F-B411-BF5A966E6A08}.Release|Any CPU.Build.0 = Release|Any CPU
		{C93D746E-1586-4D4F-B411-BF5A966E6A08}.Release|x64.ActiveCfg = Release|Any CPU
		{C93D746E-1586-4D4F-B411-BF5A966E6A08}.Release|x64.Build.0 = Release|Any CPU
		{C93D746E-1586-4D4F-B411-BF5A966E6A08}.Release|x86.ActiveCfg = Release|Any CPU
		{C93D746E-1586-4D4F-B411-BF5A966E6A08}.Release|x86.Build.0 = Release|Any CPU
		{B7C1673E-5124-4BE5-8D21-EC8B12F85B6B}.Debug|Any CPU.ActiveCfg = Debug|Any CPU
		{B7C1673E-5124-4BE5-8D21-EC8B12F85B6B}.Debug|Any CPU.Build.0 = Debug|Any CPU
		{B7C1673E-5124-4BE5-8D21-EC8B12F85B6B}.Debug|x64.ActiveCfg = Debug|Any CPU
		{B7C1673E-5124-4BE5-8D21-EC8B12F85B6B}.Debug|x64.Build.0 = Debug|Any CPU
		{B7C1673E-5124-4BE5-8D21-EC8B12F85B6B}.Debug|x86.ActiveCfg = Debug|Any CPU
		{B7C1673E-5124-4BE5-8D21-EC8B12F85B6B}.Debug|x86.Build.0 = Debug|Any CPU
		{B7C1673E-5124-4BE5-8D21-EC8B12F85B6B}.Release|Any CPU.ActiveCfg = Release|Any CPU
		{B7C1673E-5124-4BE5-8D21-EC8B12F85B6B}.Release|Any CPU.Build.0 = Release|Any CPU
		{B7C1673E-5124-4BE5-8D21-EC8B12F85B6B}.Release|x64.ActiveCfg = Release|Any CPU
		{B7C1673E-5124-4BE5-8D21-EC8B12F85B6B}.Release|x64.Build.0 = Release|Any CPU
		{B7C1673E-5124-4BE5-8D21-EC8B12F85B6B}.Release|x86.ActiveCfg = Release|Any CPU
		{B7C1673E-5124-4BE5-8D21-EC8B12F85B6B}.Release|x86.Build.0 = Release|Any CPU
	EndGlobalSection
	GlobalSection(SolutionProperties) = preSolution
		HideSolutionNode = FALSE
	EndGlobalSection
	GlobalSection(NestedProjects) = preSolution
		{0C058969-A70F-4DFA-A1A3-E938808A30A9} = {4AD564D5-69EE-4FC3-8FEA-6EFB9CED0CC7}
		{42B9ED94-9C44-4AB5-8CF2-2C47C5E8AE25} = {3EA689F7-0031-498D-AD05-4F2826A7B5E9}
		{9926B468-0290-4E46-B3B4-32CAEABB659F} = {3EA689F7-0031-498D-AD05-4F2826A7B5E9}
		{A08163ED-F101-4741-A12B-82BD202B2C23} = {3EA689F7-0031-498D-AD05-4F2826A7B5E9}
		{D7CAD493-7F4B-4C83-A592-8D071B01CF28} = {F1F0F4EF-3108-45A6-87DA-0C961EF2F1F3}
		{5AB2E51D-9DD2-4650-9AA0-03FB811A3255} = {F1F0F4EF-3108-45A6-87DA-0C961EF2F1F3}
		{EFD07F85-AF34-4CB3-82E3-DD3D15EC011B} = {F1F0F4EF-3108-45A6-87DA-0C961EF2F1F3}
		{D1713229-CA4A-4E30-8C21-626F0416B012} = {F1F0F4EF-3108-45A6-87DA-0C961EF2F1F3}
		{44AA58E1-1981-4B85-92AE-B603A7CB3D4B} = {4AD564D5-69EE-4FC3-8FEA-6EFB9CED0CC7}
		{655F8313-AD60-44DA-A862-1D795372D1E1} = {4AD564D5-69EE-4FC3-8FEA-6EFB9CED0CC7}
		{92494904-35FA-4DC9-BDE9-3A3E87AC49D3} = {731B75DE-7D0C-45D6-AE17-FF772E40D958}
		{C3887A93-B2BD-4097-8E2F-3A063EFF32FD} = {731B75DE-7D0C-45D6-AE17-FF772E40D958}
		{252117CA-0ABB-4F36-BFC8-DE23A8089BB9} = {731B75DE-7D0C-45D6-AE17-FF772E40D958}
		{E95833C9-90AA-4366-9262-0A1BED148249} = {731B75DE-7D0C-45D6-AE17-FF772E40D958}
		{C93D746E-1586-4D4F-B411-BF5A966E6A08} = {731B75DE-7D0C-45D6-AE17-FF772E40D958}
		{B7C1673E-5124-4BE5-8D21-EC8B12F85B6B} = {731B75DE-7D0C-45D6-AE17-FF772E40D958}
	EndGlobalSection
	GlobalSection(ExtensibilityGlobals) = postSolution
		SolutionGuid = {C45E1D9F-D0CD-4A02-93CF-82329DBB17F9}
	EndGlobalSection
EndGlobal
