
Microsoft Visual Studio Solution File, Format Version 12.00
# Visual Studio 15
VisualStudioVersion = 15.0.28307.572
MinimumVisualStudioVersion = 10.0.40219.1
Project("{FAE04EC0-301F-11D3-BF4B-00C04F79EFBC}") = "Media.OpenTK", "Media.OpenTK\Media.OpenTK.csproj", "{D7CAD493-7F4B-4C83-A592-8D071B01CF28}"
EndProject
Project("{FAE04EC0-301F-11D3-BF4B-00C04F79EFBC}") = "Media.OpenTK.GTK", "Media.OpenTK.GTK\Media.OpenTK.GTK.csproj", "{EFD07F85-AF34-4CB3-82E3-DD3D15EC011B}"
EndProject
Project("{FAE04EC0-301F-11D3-BF4B-00C04F79EFBC}") = "Media.OpenTK.WPF", "Media.OpenTK.WPF\Media.OpenTK.WPF.csproj", "{5AB2E51D-9DD2-4650-9AA0-03FB811A3255}"
EndProject
Project("{2150E333-8FDC-42A3-9474-1A3956D46DE8}") = "Examples", "Examples", "{4AD564D5-69EE-4FC3-8FEA-6EFB9CED0CC7}"
EndProject
Project("{2150E333-8FDC-42A3-9474-1A3956D46DE8}") = "Media.Native", "Media.Native", "{3EA689F7-0031-498D-AD05-4F2826A7B5E9}"
EndProject
Project("{8BC9CEB8-8B4A-11D0-8D11-00A0C91BC942}") = "Media.Native", "Media.Native\Media.Native\Media.Native.vcxproj", "{42B9ED94-9C44-4AB5-8CF2-2C47C5E8AE25}"
EndProject
Project("{FAE04EC0-301F-11D3-BF4B-00C04F79EFBC}") = "Media.Interop.Impl", "Media.Native\Media.Interop.Impl\Media.Interop.Impl.csproj", "{A08163ED-F101-4741-A12B-82BD202B2C23}"
EndProject
Project("{FAE04EC0-301F-11D3-BF4B-00C04F79EFBC}") = "Media.Interop", "Media.Native\Media.Interop\Media.Interop.csproj", "{9926B468-0290-4E46-B3B4-32CAEABB659F}"
EndProject
Project("{FAE04EC0-301F-11D3-BF4B-00C04F79EFBC}") = "Media.Base", "Media.Base\Media.Base.csproj", "{01FD5659-75CD-4D3C-8701-6D6CF54C2C31}"
EndProject
Project("{FAE04EC0-301F-11D3-BF4B-00C04F79EFBC}") = "MediaExample", "Examples\MediaExample\MediaExample.csproj", "{9727D961-3DF7-4EC1-AB3F-2B5DEE8456BA}"
EndProject
Project("{FAE04EC0-301F-11D3-BF4B-00C04F79EFBC}") = "MovieExample", "Examples\MovieExample\MovieExample.csproj", "{0C058969-A70F-4DFA-A1A3-E938808A30A9}"
EndProject
Project("{FAE04EC0-301F-11D3-BF4B-00C04F79EFBC}") = "SimpleExample", "Examples\SimpleExample\SimpleExample.csproj", "{BA747515-6973-4730-AC9D-21BABEAEDACB}"
EndProject
Global
	GlobalSection(SolutionConfigurationPlatforms) = preSolution
		Debug|Any CPU = Debug|Any CPU
		Debug|x64 = Debug|x64
		Debug|x86 = Debug|x86
		Release|Any CPU = Release|Any CPU
		Release|x64 = Release|x64
		Release|x86 = Release|x86
	EndGlobalSection
	GlobalSection(ProjectConfigurationPlatforms) = postSolution
		{D7CAD493-7F4B-4C83-A592-8D071B01CF28}.Debug|Any CPU.ActiveCfg = Debug|Any CPU
		{D7CAD493-7F4B-4C83-A592-8D071B01CF28}.Debug|Any CPU.Build.0 = Debug|Any CPU
		{D7CAD493-7F4B-4C83-A592-8D071B01CF28}.Debug|x64.ActiveCfg = Debug|Any CPU
		{D7CAD493-7F4B-4C83-A592-8D071B01CF28}.Debug|x64.Build.0 = Debug|Any CPU
		{D7CAD493-7F4B-4C83-A592-8D071B01CF28}.Debug|x86.ActiveCfg = Debug|Any CPU
		{D7CAD493-7F4B-4C83-A592-8D071B01CF28}.Debug|x86.Build.0 = Debug|Any CPU
		{D7CAD493-7F4B-4C83-A592-8D071B01CF28}.Release|Any CPU.ActiveCfg = Release|Any CPU
		{D7CAD493-7F4B-4C83-A592-8D071B01CF28}.Release|Any CPU.Build.0 = Release|Any CPU
		{D7CAD493-7F4B-4C83-A592-8D071B01CF28}.Release|x64.ActiveCfg = Release|Any CPU
		{D7CAD493-7F4B-4C83-A592-8D071B01CF28}.Release|x64.Build.0 = Release|Any CPU
		{D7CAD493-7F4B-4C83-A592-8D071B01CF28}.Release|x86.ActiveCfg = Release|Any CPU
		{D7CAD493-7F4B-4C83-A592-8D071B01CF28}.Release|x86.Build.0 = Release|Any CPU
		{EFD07F85-AF34-4CB3-82E3-DD3D15EC011B}.Debug|Any CPU.ActiveCfg = Debug|Any CPU
		{EFD07F85-AF34-4CB3-82E3-DD3D15EC011B}.Debug|Any CPU.Build.0 = Debug|Any CPU
		{EFD07F85-AF34-4CB3-82E3-DD3D15EC011B}.Debug|x64.ActiveCfg = Debug|Any CPU
		{EFD07F85-AF34-4CB3-82E3-DD3D15EC011B}.Debug|x64.Build.0 = Debug|Any CPU
		{EFD07F85-AF34-4CB3-82E3-DD3D15EC011B}.Debug|x86.ActiveCfg = Debug|Any CPU
		{EFD07F85-AF34-4CB3-82E3-DD3D15EC011B}.Debug|x86.Build.0 = Debug|Any CPU
		{EFD07F85-AF34-4CB3-82E3-DD3D15EC011B}.Release|Any CPU.ActiveCfg = Release|Any CPU
		{EFD07F85-AF34-4CB3-82E3-DD3D15EC011B}.Release|Any CPU.Build.0 = Release|Any CPU
		{EFD07F85-AF34-4CB3-82E3-DD3D15EC011B}.Release|x64.ActiveCfg = Release|Any CPU
		{EFD07F85-AF34-4CB3-82E3-DD3D15EC011B}.Release|x64.Build.0 = Release|Any CPU
		{EFD07F85-AF34-4CB3-82E3-DD3D15EC011B}.Release|x86.ActiveCfg = Release|Any CPU
		{EFD07F85-AF34-4CB3-82E3-DD3D15EC011B}.Release|x86.Build.0 = Release|Any CPU
		{5AB2E51D-9DD2-4650-9AA0-03FB811A3255}.Debug|Any CPU.ActiveCfg = Debug|Any CPU
		{5AB2E51D-9DD2-4650-9AA0-03FB811A3255}.Debug|Any CPU.Build.0 = Debug|Any CPU
		{5AB2E51D-9DD2-4650-9AA0-03FB811A3255}.Debug|x64.ActiveCfg = Debug|Any CPU
		{5AB2E51D-9DD2-4650-9AA0-03FB811A3255}.Debug|x64.Build.0 = Debug|Any CPU
		{5AB2E51D-9DD2-4650-9AA0-03FB811A3255}.Debug|x86.ActiveCfg = Debug|Any CPU
		{5AB2E51D-9DD2-4650-9AA0-03FB811A3255}.Debug|x86.Build.0 = Debug|Any CPU
		{5AB2E51D-9DD2-4650-9AA0-03FB811A3255}.Release|Any CPU.ActiveCfg = Release|Any CPU
		{5AB2E51D-9DD2-4650-9AA0-03FB811A3255}.Release|Any CPU.Build.0 = Release|Any CPU
		{5AB2E51D-9DD2-4650-9AA0-03FB811A3255}.Release|x64.ActiveCfg = Release|Any CPU
		{5AB2E51D-9DD2-4650-9AA0-03FB811A3255}.Release|x64.Build.0 = Release|Any CPU
		{5AB2E51D-9DD2-4650-9AA0-03FB811A3255}.Release|x86.ActiveCfg = Release|Any CPU
		{5AB2E51D-9DD2-4650-9AA0-03FB811A3255}.Release|x86.Build.0 = Release|Any CPU
		{42B9ED94-9C44-4AB5-8CF2-2C47C5E8AE25}.Debug|Any CPU.ActiveCfg = Debug|Win32
		{42B9ED94-9C44-4AB5-8CF2-2C47C5E8AE25}.Debug|x64.ActiveCfg = Debug|x64
		{42B9ED94-9C44-4AB5-8CF2-2C47C5E8AE25}.Debug|x64.Build.0 = Debug|x64
		{42B9ED94-9C44-4AB5-8CF2-2C47C5E8AE25}.Debug|x86.ActiveCfg = Debug|Win32
		{42B9ED94-9C44-4AB5-8CF2-2C47C5E8AE25}.Debug|x86.Build.0 = Debug|Win32
		{42B9ED94-9C44-4AB5-8CF2-2C47C5E8AE25}.Release|Any CPU.ActiveCfg = Release|Win32
		{42B9ED94-9C44-4AB5-8CF2-2C47C5E8AE25}.Release|x64.ActiveCfg = Release|x64
		{42B9ED94-9C44-4AB5-8CF2-2C47C5E8AE25}.Release|x64.Build.0 = Release|x64
		{42B9ED94-9C44-4AB5-8CF2-2C47C5E8AE25}.Release|x86.ActiveCfg = Release|Win32
		{42B9ED94-9C44-4AB5-8CF2-2C47C5E8AE25}.Release|x86.Build.0 = Release|Win32
		{A08163ED-F101-4741-A12B-82BD202B2C23}.Debug|Any CPU.ActiveCfg = Debug|Any CPU
		{A08163ED-F101-4741-A12B-82BD202B2C23}.Debug|Any CPU.Build.0 = Debug|Any CPU
		{A08163ED-F101-4741-A12B-82BD202B2C23}.Debug|x64.ActiveCfg = Debug|Any CPU
		{A08163ED-F101-4741-A12B-82BD202B2C23}.Debug|x64.Build.0 = Debug|Any CPU
		{A08163ED-F101-4741-A12B-82BD202B2C23}.Debug|x86.ActiveCfg = Debug|Any CPU
		{A08163ED-F101-4741-A12B-82BD202B2C23}.Debug|x86.Build.0 = Debug|Any CPU
		{A08163ED-F101-4741-A12B-82BD202B2C23}.Release|Any CPU.ActiveCfg = Release|Any CPU
		{A08163ED-F101-4741-A12B-82BD202B2C23}.Release|Any CPU.Build.0 = Release|Any CPU
		{A08163ED-F101-4741-A12B-82BD202B2C23}.Release|x64.ActiveCfg = Release|Any CPU
		{A08163ED-F101-4741-A12B-82BD202B2C23}.Release|x64.Build.0 = Release|Any CPU
		{A08163ED-F101-4741-A12B-82BD202B2C23}.Release|x86.ActiveCfg = Release|Any CPU
		{A08163ED-F101-4741-A12B-82BD202B2C23}.Release|x86.Build.0 = Release|Any CPU
		{9926B468-0290-4E46-B3B4-32CAEABB659F}.Debug|Any CPU.ActiveCfg = Debug|Any CPU
		{9926B468-0290-4E46-B3B4-32CAEABB659F}.Debug|Any CPU.Build.0 = Debug|Any CPU
		{9926B468-0290-4E46-B3B4-32CAEABB659F}.Debug|x64.ActiveCfg = Debug|Any CPU
		{9926B468-0290-4E46-B3B4-32CAEABB659F}.Debug|x64.Build.0 = Debug|Any CPU
		{9926B468-0290-4E46-B3B4-32CAEABB659F}.Debug|x86.ActiveCfg = Debug|Any CPU
		{9926B468-0290-4E46-B3B4-32CAEABB659F}.Debug|x86.Build.0 = Debug|Any CPU
		{9926B468-0290-4E46-B3B4-32CAEABB659F}.Release|Any CPU.ActiveCfg = Release|Any CPU
		{9926B468-0290-4E46-B3B4-32CAEABB659F}.Release|Any CPU.Build.0 = Release|Any CPU
		{9926B468-0290-4E46-B3B4-32CAEABB659F}.Release|x64.ActiveCfg = Release|Any CPU
		{9926B468-0290-4E46-B3B4-32CAEABB659F}.Release|x64.Build.0 = Release|Any CPU
		{9926B468-0290-4E46-B3B4-32CAEABB659F}.Release|x86.ActiveCfg = Release|Any CPU
		{9926B468-0290-4E46-B3B4-32CAEABB659F}.Release|x86.Build.0 = Release|Any CPU
		{01FD5659-75CD-4D3C-8701-6D6CF54C2C31}.Debug|Any CPU.ActiveCfg = Debug|Any CPU
		{01FD5659-75CD-4D3C-8701-6D6CF54C2C31}.Debug|Any CPU.Build.0 = Debug|Any CPU
		{01FD5659-75CD-4D3C-8701-6D6CF54C2C31}.Debug|x64.ActiveCfg = Debug|Any CPU
		{01FD5659-75CD-4D3C-8701-6D6CF54C2C31}.Debug|x64.Build.0 = Debug|Any CPU
		{01FD5659-75CD-4D3C-8701-6D6CF54C2C31}.Debug|x86.ActiveCfg = Debug|Any CPU
		{01FD5659-75CD-4D3C-8701-6D6CF54C2C31}.Debug|x86.Build.0 = Debug|Any CPU
		{01FD5659-75CD-4D3C-8701-6D6CF54C2C31}.Release|Any CPU.ActiveCfg = Release|Any CPU
		{01FD5659-75CD-4D3C-8701-6D6CF54C2C31}.Release|Any CPU.Build.0 = Release|Any CPU
		{01FD5659-75CD-4D3C-8701-6D6CF54C2C31}.Release|x64.ActiveCfg = Release|Any CPU
		{01FD5659-75CD-4D3C-8701-6D6CF54C2C31}.Release|x64.Build.0 = Release|Any CPU
		{01FD5659-75CD-4D3C-8701-6D6CF54C2C31}.Release|x86.ActiveCfg = Release|Any CPU
		{01FD5659-75CD-4D3C-8701-6D6CF54C2C31}.Release|x86.Build.0 = Release|Any CPU
		{9727D961-3DF7-4EC1-AB3F-2B5DEE8456BA}.Debug|Any CPU.ActiveCfg = Debug|Any CPU
		{9727D961-3DF7-4EC1-AB3F-2B5DEE8456BA}.Debug|Any CPU.Build.0 = Debug|Any CPU
		{9727D961-3DF7-4EC1-AB3F-2B5DEE8456BA}.Debug|x64.ActiveCfg = Debug|Any CPU
		{9727D961-3DF7-4EC1-AB3F-2B5DEE8456BA}.Debug|x64.Build.0 = Debug|Any CPU
		{9727D961-3DF7-4EC1-AB3F-2B5DEE8456BA}.Debug|x86.ActiveCfg = Debug|Any CPU
		{9727D961-3DF7-4EC1-AB3F-2B5DEE8456BA}.Debug|x86.Build.0 = Debug|Any CPU
		{9727D961-3DF7-4EC1-AB3F-2B5DEE8456BA}.Release|Any CPU.ActiveCfg = Release|Any CPU
		{9727D961-3DF7-4EC1-AB3F-2B5DEE8456BA}.Release|Any CPU.Build.0 = Release|Any CPU
		{9727D961-3DF7-4EC1-AB3F-2B5DEE8456BA}.Release|x64.ActiveCfg = Release|Any CPU
		{9727D961-3DF7-4EC1-AB3F-2B5DEE8456BA}.Release|x64.Build.0 = Release|Any CPU
		{9727D961-3DF7-4EC1-AB3F-2B5DEE8456BA}.Release|x86.ActiveCfg = Release|Any CPU
		{9727D961-3DF7-4EC1-AB3F-2B5DEE8456BA}.Release|x86.Build.0 = Release|Any CPU
		{0C058969-A70F-4DFA-A1A3-E938808A30A9}.Debug|Any CPU.ActiveCfg = Debug|Any CPU
		{0C058969-A70F-4DFA-A1A3-E938808A30A9}.Debug|Any CPU.Build.0 = Debug|Any CPU
		{0C058969-A70F-4DFA-A1A3-E938808A30A9}.Debug|x64.ActiveCfg = Debug|Any CPU
		{0C058969-A70F-4DFA-A1A3-E938808A30A9}.Debug|x64.Build.0 = Debug|Any CPU
		{0C058969-A70F-4DFA-A1A3-E938808A30A9}.Debug|x86.ActiveCfg = Debug|Any CPU
		{0C058969-A70F-4DFA-A1A3-E938808A30A9}.Debug|x86.Build.0 = Debug|Any CPU
		{0C058969-A70F-4DFA-A1A3-E938808A30A9}.Release|Any CPU.ActiveCfg = Release|Any CPU
		{0C058969-A70F-4DFA-A1A3-E938808A30A9}.Release|Any CPU.Build.0 = Release|Any CPU
		{0C058969-A70F-4DFA-A1A3-E938808A30A9}.Release|x64.ActiveCfg = Release|Any CPU
		{0C058969-A70F-4DFA-A1A3-E938808A30A9}.Release|x64.Build.0 = Release|Any CPU
		{0C058969-A70F-4DFA-A1A3-E938808A30A9}.Release|x86.ActiveCfg = Release|Any CPU
		{0C058969-A70F-4DFA-A1A3-E938808A30A9}.Release|x86.Build.0 = Release|Any CPU
		{BA747515-6973-4730-AC9D-21BABEAEDACB}.Debug|Any CPU.ActiveCfg = Debug|Any CPU
		{BA747515-6973-4730-AC9D-21BABEAEDACB}.Debug|Any CPU.Build.0 = Debug|Any CPU
		{BA747515-6973-4730-AC9D-21BABEAEDACB}.Debug|x64.ActiveCfg = Debug|Any CPU
		{BA747515-6973-4730-AC9D-21BABEAEDACB}.Debug|x64.Build.0 = Debug|Any CPU
		{BA747515-6973-4730-AC9D-21BABEAEDACB}.Debug|x86.ActiveCfg = Debug|Any CPU
		{BA747515-6973-4730-AC9D-21BABEAEDACB}.Debug|x86.Build.0 = Debug|Any CPU
		{BA747515-6973-4730-AC9D-21BABEAEDACB}.Release|Any CPU.ActiveCfg = Release|Any CPU
		{BA747515-6973-4730-AC9D-21BABEAEDACB}.Release|Any CPU.Build.0 = Release|Any CPU
		{BA747515-6973-4730-AC9D-21BABEAEDACB}.Release|x64.ActiveCfg = Release|Any CPU
		{BA747515-6973-4730-AC9D-21BABEAEDACB}.Release|x64.Build.0 = Release|Any CPU
		{BA747515-6973-4730-AC9D-21BABEAEDACB}.Release|x86.ActiveCfg = Release|Any CPU
		{BA747515-6973-4730-AC9D-21BABEAEDACB}.Release|x86.Build.0 = Release|Any CPU
	EndGlobalSection
	GlobalSection(SolutionProperties) = preSolution
		HideSolutionNode = FALSE
	EndGlobalSection
	GlobalSection(NestedProjects) = preSolution
		{42B9ED94-9C44-4AB5-8CF2-2C47C5E8AE25} = {3EA689F7-0031-498D-AD05-4F2826A7B5E9}
		{A08163ED-F101-4741-A12B-82BD202B2C23} = {3EA689F7-0031-498D-AD05-4F2826A7B5E9}
		{9926B468-0290-4E46-B3B4-32CAEABB659F} = {3EA689F7-0031-498D-AD05-4F2826A7B5E9}
		{9727D961-3DF7-4EC1-AB3F-2B5DEE8456BA} = {4AD564D5-69EE-4FC3-8FEA-6EFB9CED0CC7}
		{0C058969-A70F-4DFA-A1A3-E938808A30A9} = {4AD564D5-69EE-4FC3-8FEA-6EFB9CED0CC7}
		{BA747515-6973-4730-AC9D-21BABEAEDACB} = {4AD564D5-69EE-4FC3-8FEA-6EFB9CED0CC7}
	EndGlobalSection
	GlobalSection(ExtensibilityGlobals) = postSolution
		SolutionGuid = {C45E1D9F-D0CD-4A02-93CF-82329DBB17F9}
	EndGlobalSection
EndGlobal
