
Microsoft Visual Studio Solution File, Format Version 12.00
# Visual Studio 15
VisualStudioVersion = 15.0.28307.572
MinimumVisualStudioVersion = 10.0.40219.1
Project("{FAE04EC0-301F-11D3-BF4B-00C04F79EFBC}") = "Media.OpenTK", "Media.OpenTK\Media.OpenTK.csproj", "{D7CAD493-7F4B-4C83-A592-8D071B01CF28}"
EndProject
Project("{FAE04EC0-301F-11D3-BF4B-00C04F79EFBC}") = "Media.OpenTK.XamMac", "Media.OpenTK.XamMac\Media.OpenTK.XamMac.csproj", "{D1713229-CA4A-4E30-8C21-626F0416B012}"
EndProject
Project("{2150E333-8FDC-42A3-9474-1A3956D46DE8}") = "Examples", "Examples", "{A29650EB-93C2-42EE-9AB9-7A2FB7979622}"
EndProject
Project("{2150E333-8FDC-42A3-9474-1A3956D46DE8}") = "DockPanelExample", "DockPanelExample", "{79364198-DC86-4F8C-BA13-9137B9F5ECCF}"
EndProject
Project("{2150E333-8FDC-42A3-9474-1A3956D46DE8}") = "SimpleTriangle", "SimpleTriangle", "{F925CD16-ABB0-4FDF-B322-CB770CC20281}"
EndProject
Project("{FAE04EC0-301F-11D3-BF4B-00C04F79EFBC}") = "Media.OpenTK.GTK", "Media.OpenTK.GTK\Media.OpenTK.GTK.csproj", "{EFD07F85-AF34-4CB3-82E3-DD3D15EC011B}"
EndProject
Project("{FAE04EC0-301F-11D3-BF4B-00C04F79EFBC}") = "Media.OpenTK.WPF", "Media.OpenTK.WPF\Media.OpenTK.WPF.csproj", "{5AB2E51D-9DD2-4650-9AA0-03FB811A3255}"
EndProject
Project("{FAE04EC0-301F-11D3-BF4B-00C04F79EFBC}") = "SimpleExample.XamMac.lib", "Examples\SimpleExample\SimpleExample.XamMac.lib.csproj", "{9A3209A7-5067-4024-91D8-0EE4ADD95BA8}"
EndProject
Project("{FAE04EC0-301F-11D3-BF4B-00C04F79EFBC}") = "SimpleExample.XamMac", "Examples\SimpleExample\SimpleExample.XamMac.csproj", "{74E6BB7D-239B-4D30-ADF7-5A0A84C8B6DE}"
EndProject
Project("{FAE04EC0-301F-11D3-BF4B-00C04F79EFBC}") = "MediaExample.XamMac.Lib", "Examples\MediaExample\MediaExample.XamMac.Lib.csproj", "{9727D961-3DF7-4EC1-AB3F-2B5DEE8456BA}"
EndProject
Project("{FAE04EC0-301F-11D3-BF4B-00C04F79EFBC}") = "MediaExample.XamMac", "Examples\MediaExample\MediaExample.XamMac.csproj", "{74E6BB7D-239B-4D30-ADF7-5A0A84C8B6BB}"
EndProject
Global
	GlobalSection(SolutionConfigurationPlatforms) = preSolution
		Debug|Any CPU = Debug|Any CPU
		Release|Any CPU = Release|Any CPU
	EndGlobalSection
	GlobalSection(ProjectConfigurationPlatforms) = postSolution
		{D7CAD493-7F4B-4C83-A592-8D071B01CF28}.Debug|Any CPU.ActiveCfg = Debug|Any CPU
		{D7CAD493-7F4B-4C83-A592-8D071B01CF28}.Debug|Any CPU.Build.0 = Debug|Any CPU
		{D7CAD493-7F4B-4C83-A592-8D071B01CF28}.Release|Any CPU.ActiveCfg = Release|Any CPU
		{D7CAD493-7F4B-4C83-A592-8D071B01CF28}.Release|Any CPU.Build.0 = Release|Any CPU
		{D1713229-CA4A-4E30-8C21-626F0416B012}.Debug|Any CPU.ActiveCfg = Debug|Any CPU
		{D1713229-CA4A-4E30-8C21-626F0416B012}.Debug|Any CPU.Build.0 = Debug|Any CPU
		{D1713229-CA4A-4E30-8C21-626F0416B012}.Release|Any CPU.ActiveCfg = Release|Any CPU
		{D1713229-CA4A-4E30-8C21-626F0416B012}.Release|Any CPU.Build.0 = Release|Any CPU
		{EFD07F85-AF34-4CB3-82E3-DD3D15EC011B}.Debug|Any CPU.ActiveCfg = Debug|Any CPU
		{EFD07F85-AF34-4CB3-82E3-DD3D15EC011B}.Debug|Any CPU.Build.0 = Debug|Any CPU
		{EFD07F85-AF34-4CB3-82E3-DD3D15EC011B}.Release|Any CPU.ActiveCfg = Release|Any CPU
		{EFD07F85-AF34-4CB3-82E3-DD3D15EC011B}.Release|Any CPU.Build.0 = Release|Any CPU
		{5AB2E51D-9DD2-4650-9AA0-03FB811A3255}.Debug|Any CPU.ActiveCfg = Debug|Any CPU
		{5AB2E51D-9DD2-4650-9AA0-03FB811A3255}.Debug|Any CPU.Build.0 = Debug|Any CPU
		{5AB2E51D-9DD2-4650-9AA0-03FB811A3255}.Release|Any CPU.ActiveCfg = Release|Any CPU
		{5AB2E51D-9DD2-4650-9AA0-03FB811A3255}.Release|Any CPU.Build.0 = Release|Any CPU
		{9A3209A7-5067-4024-91D8-0EE4ADD95BA8}.Debug|Any CPU.ActiveCfg = Debug|Any CPU
		{9A3209A7-5067-4024-91D8-0EE4ADD95BA8}.Debug|Any CPU.Build.0 = Debug|Any CPU
		{9A3209A7-5067-4024-91D8-0EE4ADD95BA8}.Release|Any CPU.ActiveCfg = Release|Any CPU
		{9A3209A7-5067-4024-91D8-0EE4ADD95BA8}.Release|Any CPU.Build.0 = Release|Any CPU
		{74E6BB7D-239B-4D30-ADF7-5A0A84C8B6DE}.Debug|Any CPU.ActiveCfg = Debug|Any CPU
		{74E6BB7D-239B-4D30-ADF7-5A0A84C8B6DE}.Debug|Any CPU.Build.0 = Debug|Any CPU
		{74E6BB7D-239B-4D30-ADF7-5A0A84C8B6DE}.Release|Any CPU.ActiveCfg = Release|Any CPU
		{74E6BB7D-239B-4D30-ADF7-5A0A84C8B6DE}.Release|Any CPU.Build.0 = Release|Any CPU
		{9727D961-3DF7-4EC1-AB3F-2B5DEE8456BA}.Debug|Any CPU.ActiveCfg = Debug|Any CPU
		{9727D961-3DF7-4EC1-AB3F-2B5DEE8456BA}.Debug|Any CPU.Build.0 = Debug|Any CPU
		{9727D961-3DF7-4EC1-AB3F-2B5DEE8456BA}.Release|Any CPU.ActiveCfg = Release|Any CPU
		{9727D961-3DF7-4EC1-AB3F-2B5DEE8456BA}.Release|Any CPU.Build.0 = Release|Any CPU
		{74E6BB7D-239B-4D30-ADF7-5A0A84C8B6BB}.Debug|Any CPU.ActiveCfg = Debug|Any CPU
		{74E6BB7D-239B-4D30-ADF7-5A0A84C8B6BB}.Debug|Any CPU.Build.0 = Debug|Any CPU
		{74E6BB7D-239B-4D30-ADF7-5A0A84C8B6BB}.Release|Any CPU.ActiveCfg = Release|Any CPU
		{74E6BB7D-239B-4D30-ADF7-5A0A84C8B6BB}.Release|Any CPU.Build.0 = Release|Any CPU
	EndGlobalSection
	GlobalSection(SolutionProperties) = preSolution
		HideSolutionNode = FALSE
	EndGlobalSection
	GlobalSection(ExtensibilityGlobals) = postSolution
		SolutionGuid = {C45E1D9F-D0CD-4A02-93CF-82329DBB17F9}
	EndGlobalSection
	GlobalSection(NestedProjects) = preSolution
		{79364198-DC86-4F8C-BA13-9137B9F5ECCF} = {A29650EB-93C2-42EE-9AB9-7A2FB7979622}
		{F925CD16-ABB0-4FDF-B322-CB770CC20281} = {A29650EB-93C2-42EE-9AB9-7A2FB7979622}
		{9A3209A7-5067-4024-91D8-0EE4ADD95BA8} = {F925CD16-ABB0-4FDF-B322-CB770CC20281}
		{74E6BB7D-239B-4D30-ADF7-5A0A84C8B6DE} = {F925CD16-ABB0-4FDF-B322-CB770CC20281}
		{9727D961-3DF7-4EC1-AB3F-2B5DEE8456BA} = {79364198-DC86-4F8C-BA13-9137B9F5ECCF}
		{74E6BB7D-239B-4D30-ADF7-5A0A84C8B6BB} = {79364198-DC86-4F8C-BA13-9137B9F5ECCF}
	EndGlobalSection
EndGlobal
