
Microsoft Visual Studio Solution File, Format Version 12.00
# Visual Studio 15
VisualStudioVersion = 15.0.28307.572
MinimumVisualStudioVersion = 10.0.40219.1
Project("{2150E333-8FDC-42A3-9474-1A3956D46DE8}") = "Examples", "Examples", "{A29650EB-93C2-42EE-9AB9-7A2FB7979622}"
EndProject
Project("{2150E333-8FDC-42A3-9474-1A3956D46DE8}") = "DockPanelExample", "DockPanelExample", "{79364198-DC86-4F8C-BA13-9137B9F5ECCF}"
EndProject
Project("{2150E333-8FDC-42A3-9474-1A3956D46DE8}") = "SimpleTriangle", "SimpleTriangle", "{F925CD16-ABB0-4FDF-B322-CB770CC20281}"
EndProject
Project("{2150E333-8FDC-42A3-9474-1A3956D46DE8}") = "MovieExample", "MovieExample", "{61A19AF2-9E5A-4DE4-AEE4-756F5CFD91AC}"
EndProject
Project("{FAE04EC0-301F-11D3-BF4B-00C04F79EFBC}") = "MovieExample.XamMac", "Examples\MovieExample.Mac\MovieExample.Mac\MovieExample.XamMac.csproj", "{74E6BB7D-239B-4D30-ADF7-5A0A84C8B6DE}"
EndProject
Project("{FAE04EC0-301F-11D3-BF4B-00C04F79EFBC}") = "BB74.Xwt.OpenTK.XamMac", "BB74.Xwt.OpenTK\BB74.Xwt.OpenTK.XamMac\BB74.Xwt.OpenTK.XamMac.csproj", "{D1713229-CA4A-4E30-8C21-626F0416B012}"
EndProject
Project("{9344BDBB-3E7F-41FC-A0DD-8665D75EE146}") = "MediaExample.XamMac.Lib", "Examples\MediaExample\MediaExample.XamMac.Lib.csproj", "{4C5A8CDD-B951-4259-82F5-54E53B4CFAC1}"
EndProject
Project("{9344BDBB-3E7F-41FC-A0DD-8665D75EE146}") = "MediaExample.XamMac", "Examples\MediaExample\MediaExample.XamMac.csproj", "{3D8AD0EE-7376-421F-8650-0BDB4485E8F3}"
EndProject
Project("{9344BDBB-3E7F-41FC-A0DD-8665D75EE146}") = "SimpleExample.XamMac", "Examples\SimpleExample\SimpleExample.XamMac.csproj", "{1DC2AD73-780B-4EDE-B5CF-B623790BF5ED}"
EndProject
Project("{9344BDBB-3E7F-41FC-A0DD-8665D75EE146}") = "SimpleExample.XamMac.lib", "Examples\SimpleExample\SimpleExample.XamMac.lib.csproj", "{361EC62B-2DD6-4546-A320-92E64421AD5F}"
EndProject
Project("{9344BDBB-3E7F-41FC-A0DD-8665D75EE146}") = "BB74.Xwt.Controls", "..\BB74.Controls.Xwt\BB74.Controls\BB74.Xwt.Controls.csproj", "{190158CE-5FDD-4F70-9F9C-88AE501B0597}"
EndProject
Global
	GlobalSection(SolutionConfigurationPlatforms) = preSolution
		Debug|Any CPU = Debug|Any CPU
		Release|Any CPU = Release|Any CPU
	EndGlobalSection
	GlobalSection(ProjectConfigurationPlatforms) = postSolution
		{74E6BB7D-239B-4D30-ADF7-5A0A84C8B6DE}.Debug|Any CPU.ActiveCfg = Debug|Any CPU
		{74E6BB7D-239B-4D30-ADF7-5A0A84C8B6DE}.Debug|Any CPU.Build.0 = Debug|Any CPU
		{74E6BB7D-239B-4D30-ADF7-5A0A84C8B6DE}.Release|Any CPU.ActiveCfg = Release|Any CPU
		{74E6BB7D-239B-4D30-ADF7-5A0A84C8B6DE}.Release|Any CPU.Build.0 = Release|Any CPU
		{D1713229-CA4A-4E30-8C21-626F0416B012}.Debug|Any CPU.ActiveCfg = Debug|Any CPU
		{D1713229-CA4A-4E30-8C21-626F0416B012}.Debug|Any CPU.Build.0 = Debug|Any CPU
		{D1713229-CA4A-4E30-8C21-626F0416B012}.Release|Any CPU.ActiveCfg = Release|Any CPU
		{D1713229-CA4A-4E30-8C21-626F0416B012}.Release|Any CPU.Build.0 = Release|Any CPU
		{4C5A8CDD-B951-4259-82F5-54E53B4CFAC1}.Debug|Any CPU.ActiveCfg = Debug|Any CPU
		{4C5A8CDD-B951-4259-82F5-54E53B4CFAC1}.Debug|Any CPU.Build.0 = Debug|Any CPU
		{4C5A8CDD-B951-4259-82F5-54E53B4CFAC1}.Release|Any CPU.ActiveCfg = Release|Any CPU
		{4C5A8CDD-B951-4259-82F5-54E53B4CFAC1}.Release|Any CPU.Build.0 = Release|Any CPU
		{3D8AD0EE-7376-421F-8650-0BDB4485E8F3}.Debug|Any CPU.ActiveCfg = Debug|Any CPU
		{3D8AD0EE-7376-421F-8650-0BDB4485E8F3}.Debug|Any CPU.Build.0 = Debug|Any CPU
		{3D8AD0EE-7376-421F-8650-0BDB4485E8F3}.Release|Any CPU.ActiveCfg = Release|Any CPU
		{3D8AD0EE-7376-421F-8650-0BDB4485E8F3}.Release|Any CPU.Build.0 = Release|Any CPU
		{1DC2AD73-780B-4EDE-B5CF-B623790BF5ED}.Debug|Any CPU.ActiveCfg = Debug|Any CPU
		{1DC2AD73-780B-4EDE-B5CF-B623790BF5ED}.Debug|Any CPU.Build.0 = Debug|Any CPU
		{1DC2AD73-780B-4EDE-B5CF-B623790BF5ED}.Release|Any CPU.ActiveCfg = Release|Any CPU
		{1DC2AD73-780B-4EDE-B5CF-B623790BF5ED}.Release|Any CPU.Build.0 = Release|Any CPU
		{361EC62B-2DD6-4546-A320-92E64421AD5F}.Debug|Any CPU.ActiveCfg = Debug|Any CPU
		{361EC62B-2DD6-4546-A320-92E64421AD5F}.Debug|Any CPU.Build.0 = Debug|Any CPU
		{361EC62B-2DD6-4546-A320-92E64421AD5F}.Release|Any CPU.ActiveCfg = Release|Any CPU
		{361EC62B-2DD6-4546-A320-92E64421AD5F}.Release|Any CPU.Build.0 = Release|Any CPU
		{190158CE-5FDD-4F70-9F9C-88AE501B0597}.Debug|Any CPU.ActiveCfg = Debug|Any CPU
		{190158CE-5FDD-4F70-9F9C-88AE501B0597}.Debug|Any CPU.Build.0 = Debug|Any CPU
		{190158CE-5FDD-4F70-9F9C-88AE501B0597}.Release|Any CPU.ActiveCfg = Release|Any CPU
		{190158CE-5FDD-4F70-9F9C-88AE501B0597}.Release|Any CPU.Build.0 = Release|Any CPU
	EndGlobalSection
	GlobalSection(SolutionProperties) = preSolution
		HideSolutionNode = FALSE
	EndGlobalSection
	GlobalSection(ExtensibilityGlobals) = postSolution
		SolutionGuid = {C45E1D9F-D0CD-4A02-93CF-82329DBB17F9}
	EndGlobalSection
	GlobalSection(NestedProjects) = preSolution
		{79364198-DC86-4F8C-BA13-9137B9F5ECCF} = {A29650EB-93C2-42EE-9AB9-7A2FB7979622}
		{F925CD16-ABB0-4FDF-B322-CB770CC20281} = {A29650EB-93C2-42EE-9AB9-7A2FB7979622}
		{61A19AF2-9E5A-4DE4-AEE4-756F5CFD91AC} = {A29650EB-93C2-42EE-9AB9-7A2FB7979622}
		{74E6BB7D-239B-4D30-ADF7-5A0A84C8B6DE} = {61A19AF2-9E5A-4DE4-AEE4-756F5CFD91AC}
		{4C5A8CDD-B951-4259-82F5-54E53B4CFAC1} = {79364198-DC86-4F8C-BA13-9137B9F5ECCF}
		{3D8AD0EE-7376-421F-8650-0BDB4485E8F3} = {79364198-DC86-4F8C-BA13-9137B9F5ECCF}
		{1DC2AD73-780B-4EDE-B5CF-B623790BF5ED} = {F925CD16-ABB0-4FDF-B322-CB770CC20281}
		{361EC62B-2DD6-4546-A320-92E64421AD5F} = {F925CD16-ABB0-4FDF-B322-CB770CC20281}
	EndGlobalSection
EndGlobal
