
Microsoft Visual Studio Solution File, Format Version 12.00
# Visual Studio 15
VisualStudioVersion = 15.0.28307.572
MinimumVisualStudioVersion = 10.0.40219.1
Project("{FAE04EC0-301F-11D3-BF4B-00C04F79EFBC}") = "Media.OpenTK", "Media.OpenTK\Media.OpenTK.csproj", "{D7CAD493-7F4B-4C83-A592-8D071B01CF28}"
EndProject
Project("{FAE04EC0-301F-11D3-BF4B-00C04F79EFBC}") = "Media.OpenTK.XamMac", "Media.OpenTK.XamMac\Media.OpenTK.XamMac.csproj", "{D1713229-CA4A-4E30-8C21-626F0416B012}"
EndProject
Project("{2150E333-8FDC-42A3-9474-1A3956D46DE8}") = "Examples", "Examples", "{A29650EB-93C2-42EE-9AB9-7A2FB7979622}"
EndProject
Project("{2150E333-8FDC-42A3-9474-1A3956D46DE8}") = "DockPanelExample", "DockPanelExample", "{79364198-DC86-4F8C-BA13-9137B9F5ECCF}"
EndProject
Project("{2150E333-8FDC-42A3-9474-1A3956D46DE8}") = "SimpleTriangle", "SimpleTriangle", "{F925CD16-ABB0-4FDF-B322-CB770CC20281}"
EndProject
Project("{2150E333-8FDC-42A3-9474-1A3956D46DE8}") = "MovieExample", "MovieExample", "{61A19AF2-9E5A-4DE4-AEE4-756F5CFD91AC}"
EndProject
Project("{FAE04EC0-301F-11D3-BF4B-00C04F79EFBC}") = "Media.OpenTK.GTK", "Media.OpenTK.GTK\Media.OpenTK.GTK.csproj", "{EFD07F85-AF34-4CB3-82E3-DD3D15EC011B}"
EndProject
Project("{FAE04EC0-301F-11D3-BF4B-00C04F79EFBC}") = "BB74.Xwt.Controls", "..\BB74.Controls.Xwt\BB74.Controls\BB74.Xwt.Controls.csproj", "{265B302E-B436-46F7-8CB1-57D42FD242AC}"
EndProject
Project("{9344BDBB-3E7F-41FC-A0DD-8665D75EE146}") = "MediaExample.XamMac.Lib", "Examples\MediaExample\MediaExample.XamMac.Lib.csproj", "{FD8396D1-79AB-4661-A15E-EF363C6D2BC7}"
EndProject
Project("{9344BDBB-3E7F-41FC-A0DD-8665D75EE146}") = "MediaExample.XamMac", "Examples\MediaExample\MediaExample.XamMac.csproj", "{D24C18EA-1316-4FFA-AFD4-0BDC6C4CB23A}"
EndProject
Project("{9344BDBB-3E7F-41FC-A0DD-8665D75EE146}") = "SimpleExample.XamMac", "Examples\SimpleExample\SimpleExample.XamMac.csproj", "{6C9AC85B-E673-4F61-B392-D5DA14E3D3B3}"
EndProject
Project("{9344BDBB-3E7F-41FC-A0DD-8665D75EE146}") = "SimpleExample.XamMac.lib", "Examples\SimpleExample\SimpleExample.XamMac.lib.csproj", "{891B1819-0391-47D0-91F0-65BE88C4E5A5}"
EndProject
Project("{9344BDBB-3E7F-41FC-A0DD-8665D75EE146}") = "Media.OpenTK.WPF", "Media.OpenTK.WPF\Media.OpenTK.WPF.csproj", "{EFBB9C1C-FB67-403F-BB7B-04BB06A5475C}"
EndProject
Project("{FAE04EC0-301F-11D3-BF4B-00C04F79EFBC}") = "MovieExample.XamMac", "Examples\MovieExample.Mac\MovieExample.Mac\MovieExample.XamMac.csproj", "{74E6BB7D-239B-4D30-ADF7-5A0A84C8B6DE}"
EndProject
Project("{FAE04EC0-301F-11D3-BF4B-00C04F79EFBC}") = "MovieExample.XamMac.lib", "Examples\MovieExample.Mac\MovieExample.Mac.Lib\MovieExample.XamMac.lib.csproj", "{9A3209A7-5067-4024-91D8-0EE4ADD95BA8}"
EndProject
Global
	GlobalSection(SolutionConfigurationPlatforms) = preSolution
		Debug|Any CPU = Debug|Any CPU
		Release|Any CPU = Release|Any CPU
	EndGlobalSection
	GlobalSection(ProjectConfigurationPlatforms) = postSolution
		{D7CAD493-7F4B-4C83-A592-8D071B01CF28}.Debug|Any CPU.ActiveCfg = Debug|Any CPU
		{D7CAD493-7F4B-4C83-A592-8D071B01CF28}.Debug|Any CPU.Build.0 = Debug|Any CPU
		{D7CAD493-7F4B-4C83-A592-8D071B01CF28}.Release|Any CPU.ActiveCfg = Release|Any CPU
		{D7CAD493-7F4B-4C83-A592-8D071B01CF28}.Release|Any CPU.Build.0 = Release|Any CPU
		{D1713229-CA4A-4E30-8C21-626F0416B012}.Debug|Any CPU.ActiveCfg = Debug|Any CPU
		{D1713229-CA4A-4E30-8C21-626F0416B012}.Debug|Any CPU.Build.0 = Debug|Any CPU
		{D1713229-CA4A-4E30-8C21-626F0416B012}.Release|Any CPU.ActiveCfg = Release|Any CPU
		{D1713229-CA4A-4E30-8C21-626F0416B012}.Release|Any CPU.Build.0 = Release|Any CPU
		{EFD07F85-AF34-4CB3-82E3-DD3D15EC011B}.Debug|Any CPU.ActiveCfg = Debug|Any CPU
		{EFD07F85-AF34-4CB3-82E3-DD3D15EC011B}.Debug|Any CPU.Build.0 = Debug|Any CPU
		{EFD07F85-AF34-4CB3-82E3-DD3D15EC011B}.Release|Any CPU.ActiveCfg = Release|Any CPU
		{EFD07F85-AF34-4CB3-82E3-DD3D15EC011B}.Release|Any CPU.Build.0 = Release|Any CPU
		{265B302E-B436-46F7-8CB1-57D42FD242AC}.Debug|Any CPU.ActiveCfg = Debug|Any CPU
		{265B302E-B436-46F7-8CB1-57D42FD242AC}.Debug|Any CPU.Build.0 = Debug|Any CPU
		{265B302E-B436-46F7-8CB1-57D42FD242AC}.Release|Any CPU.ActiveCfg = Release|Any CPU
		{265B302E-B436-46F7-8CB1-57D42FD242AC}.Release|Any CPU.Build.0 = Release|Any CPU
		{FD8396D1-79AB-4661-A15E-EF363C6D2BC7}.Debug|Any CPU.ActiveCfg = Debug|Any CPU
		{FD8396D1-79AB-4661-A15E-EF363C6D2BC7}.Debug|Any CPU.Build.0 = Debug|Any CPU
		{FD8396D1-79AB-4661-A15E-EF363C6D2BC7}.Release|Any CPU.ActiveCfg = Release|Any CPU
		{FD8396D1-79AB-4661-A15E-EF363C6D2BC7}.Release|Any CPU.Build.0 = Release|Any CPU
		{D24C18EA-1316-4FFA-AFD4-0BDC6C4CB23A}.Debug|Any CPU.ActiveCfg = Debug|Any CPU
		{D24C18EA-1316-4FFA-AFD4-0BDC6C4CB23A}.Debug|Any CPU.Build.0 = Debug|Any CPU
		{D24C18EA-1316-4FFA-AFD4-0BDC6C4CB23A}.Release|Any CPU.ActiveCfg = Release|Any CPU
		{D24C18EA-1316-4FFA-AFD4-0BDC6C4CB23A}.Release|Any CPU.Build.0 = Release|Any CPU
		{6C9AC85B-E673-4F61-B392-D5DA14E3D3B3}.Debug|Any CPU.ActiveCfg = Debug|Any CPU
		{6C9AC85B-E673-4F61-B392-D5DA14E3D3B3}.Debug|Any CPU.Build.0 = Debug|Any CPU
		{6C9AC85B-E673-4F61-B392-D5DA14E3D3B3}.Release|Any CPU.ActiveCfg = Release|Any CPU
		{6C9AC85B-E673-4F61-B392-D5DA14E3D3B3}.Release|Any CPU.Build.0 = Release|Any CPU
		{891B1819-0391-47D0-91F0-65BE88C4E5A5}.Debug|Any CPU.ActiveCfg = Debug|Any CPU
		{891B1819-0391-47D0-91F0-65BE88C4E5A5}.Debug|Any CPU.Build.0 = Debug|Any CPU
		{891B1819-0391-47D0-91F0-65BE88C4E5A5}.Release|Any CPU.ActiveCfg = Release|Any CPU
		{891B1819-0391-47D0-91F0-65BE88C4E5A5}.Release|Any CPU.Build.0 = Release|Any CPU
		{EFBB9C1C-FB67-403F-BB7B-04BB06A5475C}.Debug|Any CPU.ActiveCfg = Debug|Any CPU
		{EFBB9C1C-FB67-403F-BB7B-04BB06A5475C}.Debug|Any CPU.Build.0 = Debug|Any CPU
		{EFBB9C1C-FB67-403F-BB7B-04BB06A5475C}.Release|Any CPU.ActiveCfg = Release|Any CPU
		{EFBB9C1C-FB67-403F-BB7B-04BB06A5475C}.Release|Any CPU.Build.0 = Release|Any CPU
		{74E6BB7D-239B-4D30-ADF7-5A0A84C8B6DE}.Debug|Any CPU.ActiveCfg = Debug|Any CPU
		{74E6BB7D-239B-4D30-ADF7-5A0A84C8B6DE}.Debug|Any CPU.Build.0 = Debug|Any CPU
		{74E6BB7D-239B-4D30-ADF7-5A0A84C8B6DE}.Release|Any CPU.ActiveCfg = Release|Any CPU
		{74E6BB7D-239B-4D30-ADF7-5A0A84C8B6DE}.Release|Any CPU.Build.0 = Release|Any CPU
		{9A3209A7-5067-4024-91D8-0EE4ADD95BA8}.Debug|Any CPU.ActiveCfg = Debug|Any CPU
		{9A3209A7-5067-4024-91D8-0EE4ADD95BA8}.Debug|Any CPU.Build.0 = Debug|Any CPU
		{9A3209A7-5067-4024-91D8-0EE4ADD95BA8}.Release|Any CPU.ActiveCfg = Release|Any CPU
		{9A3209A7-5067-4024-91D8-0EE4ADD95BA8}.Release|Any CPU.Build.0 = Release|Any CPU
	EndGlobalSection
	GlobalSection(SolutionProperties) = preSolution
		HideSolutionNode = FALSE
	EndGlobalSection
	GlobalSection(ExtensibilityGlobals) = postSolution
		SolutionGuid = {C45E1D9F-D0CD-4A02-93CF-82329DBB17F9}
	EndGlobalSection
	GlobalSection(NestedProjects) = preSolution
		{79364198-DC86-4F8C-BA13-9137B9F5ECCF} = {A29650EB-93C2-42EE-9AB9-7A2FB7979622}
		{F925CD16-ABB0-4FDF-B322-CB770CC20281} = {A29650EB-93C2-42EE-9AB9-7A2FB7979622}
		{61A19AF2-9E5A-4DE4-AEE4-756F5CFD91AC} = {A29650EB-93C2-42EE-9AB9-7A2FB7979622}
		{FD8396D1-79AB-4661-A15E-EF363C6D2BC7} = {79364198-DC86-4F8C-BA13-9137B9F5ECCF}
		{D24C18EA-1316-4FFA-AFD4-0BDC6C4CB23A} = {79364198-DC86-4F8C-BA13-9137B9F5ECCF}
		{6C9AC85B-E673-4F61-B392-D5DA14E3D3B3} = {F925CD16-ABB0-4FDF-B322-CB770CC20281}
		{891B1819-0391-47D0-91F0-65BE88C4E5A5} = {F925CD16-ABB0-4FDF-B322-CB770CC20281}
		{74E6BB7D-239B-4D30-ADF7-5A0A84C8B6DE} = {61A19AF2-9E5A-4DE4-AEE4-756F5CFD91AC}
		{9A3209A7-5067-4024-91D8-0EE4ADD95BA8} = {61A19AF2-9E5A-4DE4-AEE4-756F5CFD91AC}
	EndGlobalSection
EndGlobal
